Microsoft Visual Studio Solution File, Format Version 12.00
# Visual Studio Version 16
VisualStudioVersion = 16.0.29009.5
MinimumVisualStudioVersion = 10.0.40219.1
Project("{F184B08F-C81C-45F6-A57F-5ABD9991F28F}") = "TestPayrollSystem", "TestPayrollSystem\TestPayrollSystem.vbproj", "{E07152A3-70D0-4074-825A-25EA29CF4FC3}"
	ProjectSection(ProjectDependencies) = postProject
		{81373C7B-F3B6-4E8B-A202-869962273BA8} = {81373C7B-F3B6-4E8B-A202-869962273BA8}
	EndProjectSection
EndProject
Project("{F184B08F-C81C-45F6-A57F-5ABD9991F28F}") = "AccuPayEmployee", "AcupayEmployee\AccuPayEmployee.vbproj", "{9431B178-6E50-48A4-80DD-A45644B5E3FC}"
EndProject
Project("{F184B08F-C81C-45F6-A57F-5ABD9991F28F}") = "AccuPay", "AccuPay\AccuPay.vbproj", "{81373C7B-F3B6-4E8B-A202-869962273BA8}"
EndProject
Project("{FAE04EC0-301F-11D3-BF4B-00C04F79EFBC}") = "AccupayFingerPrintApp", "SampleBioK30\AccupayFingerPrintApp.csproj", "{1C3F3D69-BC82-4D3B-96DD-921BAF630060}"
EndProject
Project("{F184B08F-C81C-45F6-A57F-5ABD9991F28F}") = "FormTester", "FormTester\FormTester.vbproj", "{3D3B41E9-D6A0-49CD-A213-FAFFCD12619B}"
EndProject
Project("{2150E333-8FDC-42A3-9474-1A3956D46DE8}") = "Commons", "Commons", "{75AD6497-1387-4DA6-982E-8E90950A7879}"
EndProject
Project("{2150E333-8FDC-42A3-9474-1A3956D46DE8}") = "Data", "Data", "{1004A954-B2E6-49A2-8D7D-31B77C05F4B3}"
EndProject
Project("{2150E333-8FDC-42A3-9474-1A3956D46DE8}") = "_Others", "_Others", "{E2456791-108C-4CDF-AE44-BDFF52517339}"
EndProject
Project("{FAE04EC0-301F-11D3-BF4B-00C04F79EFBC}") = "AccuPayWindowsService", "AccupayWindowsService\AccuPayWindowsService.csproj", "{7408C0D3-9837-4D80-8075-58C4730F8238}"
EndProject
Project("{9A19103F-16F7-4668-BE54-9A1E7A4F7556}") = "AccuPay.Data", "Accupay.Data\AccuPay.Data.csproj", "{9CAD162B-FA9F-4B09-950C-B2E9D7C766FC}"
EndProject
Project("{9A19103F-16F7-4668-BE54-9A1E7A4F7556}") = "AccuPay.Utilities", "AccuPay.Utilities\AccuPay.Utilities.csproj", "{A729D2F1-8A99-434E-8E7E-145716306579}"
EndProject
Project("{9A19103F-16F7-4668-BE54-9A1E7A4F7556}") = "AccuPay.Web", "AccuPay.Web\AccuPay.Web.csproj", "{5A0714CC-1805-487F-B974-9936329C94F6}"
EndProject
Project("{9A19103F-16F7-4668-BE54-9A1E7A4F7556}") = "AccuPay.Infrastructure", "AccuPay.Infrastructure\AccuPay.Infrastructure.csproj", "{F5B0535D-E73B-4D47-A19C-3BB57254246D}"
EndProject
Project("{FAE04EC0-301F-11D3-BF4B-00C04F79EFBC}") = "AccuPay.CrystalReports", "AccuPay.CrystalReports\AccuPay.CrystalReports.csproj", "{1AF57D61-BC13-40E1-A0BC-BBDFDD223B7E}"
EndProject
Global
	GlobalSection(SolutionConfigurationPlatforms) = preSolution
		Debug|Any CPU = Debug|Any CPU
		Debug|x86 = Debug|x86
		Release|Any CPU = Release|Any CPU
		Release|x86 = Release|x86
	EndGlobalSection
	GlobalSection(ProjectConfigurationPlatforms) = postSolution
		{E07152A3-70D0-4074-825A-25EA29CF4FC3}.Debug|Any CPU.ActiveCfg = Debug|Any CPU
		{E07152A3-70D0-4074-825A-25EA29CF4FC3}.Debug|Any CPU.Build.0 = Debug|Any CPU
		{E07152A3-70D0-4074-825A-25EA29CF4FC3}.Debug|x86.ActiveCfg = Debug|Any CPU
		{E07152A3-70D0-4074-825A-25EA29CF4FC3}.Debug|x86.Build.0 = Debug|Any CPU
		{E07152A3-70D0-4074-825A-25EA29CF4FC3}.Release|Any CPU.ActiveCfg = Release|Any CPU
		{E07152A3-70D0-4074-825A-25EA29CF4FC3}.Release|Any CPU.Build.0 = Release|Any CPU
		{E07152A3-70D0-4074-825A-25EA29CF4FC3}.Release|x86.ActiveCfg = Release|Any CPU
		{E07152A3-70D0-4074-825A-25EA29CF4FC3}.Release|x86.Build.0 = Release|Any CPU
		{9431B178-6E50-48A4-80DD-A45644B5E3FC}.Debug|Any CPU.ActiveCfg = Debug|Any CPU
		{9431B178-6E50-48A4-80DD-A45644B5E3FC}.Debug|Any CPU.Build.0 = Debug|Any CPU
		{9431B178-6E50-48A4-80DD-A45644B5E3FC}.Debug|x86.ActiveCfg = Debug|x86
		{9431B178-6E50-48A4-80DD-A45644B5E3FC}.Debug|x86.Build.0 = Debug|x86
		{9431B178-6E50-48A4-80DD-A45644B5E3FC}.Release|Any CPU.ActiveCfg = Release|Any CPU
		{9431B178-6E50-48A4-80DD-A45644B5E3FC}.Release|Any CPU.Build.0 = Release|Any CPU
		{9431B178-6E50-48A4-80DD-A45644B5E3FC}.Release|x86.ActiveCfg = Release|x86
		{9431B178-6E50-48A4-80DD-A45644B5E3FC}.Release|x86.Build.0 = Release|x86
		{81373C7B-F3B6-4E8B-A202-869962273BA8}.Debug|Any CPU.ActiveCfg = Debug|Any CPU
		{81373C7B-F3B6-4E8B-A202-869962273BA8}.Debug|Any CPU.Build.0 = Debug|Any CPU
		{81373C7B-F3B6-4E8B-A202-869962273BA8}.Debug|x86.ActiveCfg = Debug|x86
		{81373C7B-F3B6-4E8B-A202-869962273BA8}.Debug|x86.Build.0 = Debug|x86
		{81373C7B-F3B6-4E8B-A202-869962273BA8}.Release|Any CPU.ActiveCfg = Release|Any CPU
		{81373C7B-F3B6-4E8B-A202-869962273BA8}.Release|Any CPU.Build.0 = Release|Any CPU
		{81373C7B-F3B6-4E8B-A202-869962273BA8}.Release|x86.ActiveCfg = Release|x86
		{81373C7B-F3B6-4E8B-A202-869962273BA8}.Release|x86.Build.0 = Release|x86
		{1C3F3D69-BC82-4D3B-96DD-921BAF630060}.Debug|Any CPU.ActiveCfg = Debug|Any CPU
		{1C3F3D69-BC82-4D3B-96DD-921BAF630060}.Debug|Any CPU.Build.0 = Debug|Any CPU
		{1C3F3D69-BC82-4D3B-96DD-921BAF630060}.Debug|x86.ActiveCfg = Debug|Any CPU
		{1C3F3D69-BC82-4D3B-96DD-921BAF630060}.Debug|x86.Build.0 = Debug|Any CPU
		{1C3F3D69-BC82-4D3B-96DD-921BAF630060}.Release|Any CPU.ActiveCfg = Release|Any CPU
		{1C3F3D69-BC82-4D3B-96DD-921BAF630060}.Release|Any CPU.Build.0 = Release|Any CPU
		{1C3F3D69-BC82-4D3B-96DD-921BAF630060}.Release|x86.ActiveCfg = Release|Any CPU
		{1C3F3D69-BC82-4D3B-96DD-921BAF630060}.Release|x86.Build.0 = Release|Any CPU
		{3D3B41E9-D6A0-49CD-A213-FAFFCD12619B}.Debug|Any CPU.ActiveCfg = Debug|Any CPU
		{3D3B41E9-D6A0-49CD-A213-FAFFCD12619B}.Debug|Any CPU.Build.0 = Debug|Any CPU
		{3D3B41E9-D6A0-49CD-A213-FAFFCD12619B}.Debug|x86.ActiveCfg = Debug|Any CPU
		{3D3B41E9-D6A0-49CD-A213-FAFFCD12619B}.Debug|x86.Build.0 = Debug|Any CPU
		{3D3B41E9-D6A0-49CD-A213-FAFFCD12619B}.Release|Any CPU.ActiveCfg = Release|Any CPU
		{3D3B41E9-D6A0-49CD-A213-FAFFCD12619B}.Release|Any CPU.Build.0 = Release|Any CPU
		{3D3B41E9-D6A0-49CD-A213-FAFFCD12619B}.Release|x86.ActiveCfg = Release|Any CPU
		{3D3B41E9-D6A0-49CD-A213-FAFFCD12619B}.Release|x86.Build.0 = Release|Any CPU
		{7408C0D3-9837-4D80-8075-58C4730F8238}.Debug|Any CPU.ActiveCfg = Debug|Any CPU
		{7408C0D3-9837-4D80-8075-58C4730F8238}.Debug|Any CPU.Build.0 = Debug|Any CPU
		{7408C0D3-9837-4D80-8075-58C4730F8238}.Debug|x86.ActiveCfg = Debug|Any CPU
		{7408C0D3-9837-4D80-8075-58C4730F8238}.Debug|x86.Build.0 = Debug|Any CPU
		{7408C0D3-9837-4D80-8075-58C4730F8238}.Release|Any CPU.ActiveCfg = Release|Any CPU
		{7408C0D3-9837-4D80-8075-58C4730F8238}.Release|Any CPU.Build.0 = Release|Any CPU
		{7408C0D3-9837-4D80-8075-58C4730F8238}.Release|x86.ActiveCfg = Release|Any CPU
		{7408C0D3-9837-4D80-8075-58C4730F8238}.Release|x86.Build.0 = Release|Any CPU
		{9CAD162B-FA9F-4B09-950C-B2E9D7C766FC}.Debug|Any CPU.ActiveCfg = Debug|Any CPU
		{9CAD162B-FA9F-4B09-950C-B2E9D7C766FC}.Debug|Any CPU.Build.0 = Debug|Any CPU
		{9CAD162B-FA9F-4B09-950C-B2E9D7C766FC}.Debug|x86.ActiveCfg = Debug|Any CPU
		{9CAD162B-FA9F-4B09-950C-B2E9D7C766FC}.Debug|x86.Build.0 = Debug|Any CPU
		{9CAD162B-FA9F-4B09-950C-B2E9D7C766FC}.Release|Any CPU.ActiveCfg = Release|Any CPU
		{9CAD162B-FA9F-4B09-950C-B2E9D7C766FC}.Release|Any CPU.Build.0 = Release|Any CPU
		{9CAD162B-FA9F-4B09-950C-B2E9D7C766FC}.Release|x86.ActiveCfg = Release|Any CPU
		{9CAD162B-FA9F-4B09-950C-B2E9D7C766FC}.Release|x86.Build.0 = Release|Any CPU
		{A729D2F1-8A99-434E-8E7E-145716306579}.Debug|Any CPU.ActiveCfg = Debug|Any CPU
		{A729D2F1-8A99-434E-8E7E-145716306579}.Debug|Any CPU.Build.0 = Debug|Any CPU
		{A729D2F1-8A99-434E-8E7E-145716306579}.Debug|x86.ActiveCfg = Debug|Any CPU
		{A729D2F1-8A99-434E-8E7E-145716306579}.Debug|x86.Build.0 = Debug|Any CPU
		{A729D2F1-8A99-434E-8E7E-145716306579}.Release|Any CPU.ActiveCfg = Release|Any CPU
		{A729D2F1-8A99-434E-8E7E-145716306579}.Release|Any CPU.Build.0 = Release|Any CPU
		{A729D2F1-8A99-434E-8E7E-145716306579}.Release|x86.ActiveCfg = Release|Any CPU
		{A729D2F1-8A99-434E-8E7E-145716306579}.Release|x86.Build.0 = Release|Any CPU
		{5A0714CC-1805-487F-B974-9936329C94F6}.Debug|Any CPU.ActiveCfg = Debug|Any CPU
		{5A0714CC-1805-487F-B974-9936329C94F6}.Debug|Any CPU.Build.0 = Debug|Any CPU
		{5A0714CC-1805-487F-B974-9936329C94F6}.Debug|x86.ActiveCfg = Debug|Any CPU
		{5A0714CC-1805-487F-B974-9936329C94F6}.Debug|x86.Build.0 = Debug|Any CPU
		{5A0714CC-1805-487F-B974-9936329C94F6}.Release|Any CPU.ActiveCfg = Release|Any CPU
		{5A0714CC-1805-487F-B974-9936329C94F6}.Release|Any CPU.Build.0 = Release|Any CPU
		{5A0714CC-1805-487F-B974-9936329C94F6}.Release|x86.ActiveCfg = Release|Any CPU
		{5A0714CC-1805-487F-B974-9936329C94F6}.Release|x86.Build.0 = Release|Any CPU
		{F5B0535D-E73B-4D47-A19C-3BB57254246D}.Debug|Any CPU.ActiveCfg = Debug|Any CPU
		{F5B0535D-E73B-4D47-A19C-3BB57254246D}.Debug|Any CPU.Build.0 = Debug|Any CPU
		{F5B0535D-E73B-4D47-A19C-3BB57254246D}.Debug|x86.ActiveCfg = Debug|Any CPU
		{F5B0535D-E73B-4D47-A19C-3BB57254246D}.Debug|x86.Build.0 = Debug|Any CPU
		{F5B0535D-E73B-4D47-A19C-3BB57254246D}.Release|Any CPU.ActiveCfg = Release|Any CPU
		{F5B0535D-E73B-4D47-A19C-3BB57254246D}.Release|Any CPU.Build.0 = Release|Any CPU
		{F5B0535D-E73B-4D47-A19C-3BB57254246D}.Release|x86.ActiveCfg = Release|Any CPU
		{F5B0535D-E73B-4D47-A19C-3BB57254246D}.Release|x86.Build.0 = Release|Any CPU
		{1AF57D61-BC13-40E1-A0BC-BBDFDD223B7E}.Debug|Any CPU.ActiveCfg = Debug|Any CPU
		{1AF57D61-BC13-40E1-A0BC-BBDFDD223B7E}.Debug|Any CPU.Build.0 = Debug|Any CPU
		{1AF57D61-BC13-40E1-A0BC-BBDFDD223B7E}.Debug|x86.ActiveCfg = Debug|Any CPU
		{1AF57D61-BC13-40E1-A0BC-BBDFDD223B7E}.Debug|x86.Build.0 = Debug|Any CPU
		{1AF57D61-BC13-40E1-A0BC-BBDFDD223B7E}.Release|Any CPU.ActiveCfg = Release|Any CPU
		{1AF57D61-BC13-40E1-A0BC-BBDFDD223B7E}.Release|Any CPU.Build.0 = Release|Any CPU
		{1AF57D61-BC13-40E1-A0BC-BBDFDD223B7E}.Release|x86.ActiveCfg = Release|Any CPU
		{1AF57D61-BC13-40E1-A0BC-BBDFDD223B7E}.Release|x86.Build.0 = Release|Any CPU
	EndGlobalSection
	GlobalSection(SolutionProperties) = preSolution
		HideSolutionNode = FALSE
	EndGlobalSection
	GlobalSection(NestedProjects) = preSolution
		{9431B178-6E50-48A4-80DD-A45644B5E3FC} = {E2456791-108C-4CDF-AE44-BDFF52517339}
		{1C3F3D69-BC82-4D3B-96DD-921BAF630060} = {E2456791-108C-4CDF-AE44-BDFF52517339}
		{9CAD162B-FA9F-4B09-950C-B2E9D7C766FC} = {1004A954-B2E6-49A2-8D7D-31B77C05F4B3}
		{A729D2F1-8A99-434E-8E7E-145716306579} = {75AD6497-1387-4DA6-982E-8E90950A7879}
		{F5B0535D-E73B-4D47-A19C-3BB57254246D} = {1004A954-B2E6-49A2-8D7D-31B77C05F4B3}
		{1AF57D61-BC13-40E1-A0BC-BBDFDD223B7E} = {1004A954-B2E6-49A2-8D7D-31B77C05F4B3}
	EndGlobalSection
	GlobalSection(ExtensibilityGlobals) = postSolution
		SolutionGuid = {BA3BD8E0-9B84-4E9C-B384-624BA9C6369E}
	EndGlobalSection
EndGlobal
